
Microsoft Visual Studio Solution File, Format Version 12.00
Project("{FAE04EC0-301F-11D3-BF4B-00C04F79EFBC}") = "WebGPU.wasm", "WebGPU.wasm\WebGPU.wasm.csproj", "{E6DFDB52-14B6-4BC3-8ED5-6772B7DDC24C}"
EndProject
Project("{FAE04EC0-301F-11D3-BF4B-00C04F79EFBC}") = "WebGPU", "WebGPU\WebGPU.csproj", "{BE4C10D0-07CB-46B9-A18E-128EDE881458}"
EndProject
Global
	GlobalSection(SolutionConfigurationPlatforms) = preSolution
		Debug|Any CPU = Debug|Any CPU
		Release|Any CPU = Release|Any CPU
	EndGlobalSection
	GlobalSection(ProjectConfigurationPlatforms) = postSolution
		{E6DFDB52-14B6-4BC3-8ED5-6772B7DDC24C}.Debug|Any CPU.ActiveCfg = Debug|Any CPU
		{E6DFDB52-14B6-4BC3-8ED5-6772B7DDC24C}.Debug|Any CPU.Build.0 = Debug|Any CPU
		{E6DFDB52-14B6-4BC3-8ED5-6772B7DDC24C}.Release|Any CPU.ActiveCfg = Release|Any CPU
		{E6DFDB52-14B6-4BC3-8ED5-6772B7DDC24C}.Release|Any CPU.Build.0 = Release|Any CPU
		{BE4C10D0-07CB-46B9-A18E-128EDE881458}.Debug|Any CPU.ActiveCfg = Debug|Any CPU
		{BE4C10D0-07CB-46B9-A18E-128EDE881458}.Debug|Any CPU.Build.0 = Debug|Any CPU
		{BE4C10D0-07CB-46B9-A18E-128EDE881458}.Release|Any CPU.ActiveCfg = Release|Any CPU
		{BE4C10D0-07CB-46B9-A18E-128EDE881458}.Release|Any CPU.Build.0 = Release|Any CPU
	EndGlobalSection
EndGlobal
